
Microsoft Visual Studio Solution File, Format Version 12.00
# Visual Studio Version 16
VisualStudioVersion = 16.0.30104.148
MinimumVisualStudioVersion = 10.0.40219.1
Project("{FAE04EC0-301F-11D3-BF4B-00C04F79EFBC}") = "TimerGUI", "TimerGUI\TimerGUI.csproj", "{20CFF031-7060-4E51-95A9-AB4E0EDD324F}"
EndProject
Global
	GlobalSection(SolutionConfigurationPlatforms) = preSolution
		Debug|Any CPU = Debug|Any CPU
		Release|Any CPU = Release|Any CPU
	EndGlobalSection
	GlobalSection(ProjectConfigurationPlatforms) = postSolution
		{20CFF031-7060-4E51-95A9-AB4E0EDD324F}.Debug|Any CPU.ActiveCfg = Debug|Any CPU
		{20CFF031-7060-4E51-95A9-AB4E0EDD324F}.Debug|Any CPU.Build.0 = Debug|Any CPU
		{20CFF031-7060-4E51-95A9-AB4E0EDD324F}.Release|Any CPU.ActiveCfg = Release|Any CPU
		{20CFF031-7060-4E51-95A9-AB4E0EDD324F}.Release|Any CPU.Build.0 = Release|Any CPU
	EndGlobalSection
	GlobalSection(SolutionProperties) = preSolution
		HideSolutionNode = FALSE
	EndGlobalSection
	GlobalSection(ExtensibilityGlobals) = postSolution
		SolutionGuid = {23A67FA0-FB1E-46D4-8B8B-F9E9AB32CC02}
	EndGlobalSection
EndGlobal
